PODS:
  - AeroGearHttp (0.5.1)
  - CryptoSwift (0.4.1)
  - JSONWebToken (1.5.0):
    - CryptoSwift (~> 0.4.0)
  - TDConnectIosSdk (0.6.5):
    - AeroGearHttp
    - JSONWebToken

DEPENDENCIES:
  - AeroGearHttp (from `https://github.com/aerogear/aerogear-ios-http`)
  - TDConnectIosSdk (from `https://github.com/telenordigital/connect-ios-sdk`)

EXTERNAL SOURCES:
  AeroGearHttp:
    :git: https://github.com/aerogear/aerogear-ios-http
  TDConnectIosSdk:
    :git: https://github.com/telenordigital/connect-ios-sdk

CHECKOUT OPTIONS:
  AeroGearHttp:
    :commit: 20e954caa168ed8605ae05322fbfaf038fd79366
    :git: https://github.com/aerogear/aerogear-ios-http
  TDConnectIosSdk:
    :commit: be1d06cdd8fd2114d6317b7e7988483c902b63f6
    :git: https://github.com/telenordigital/connect-ios-sdk

SPEC CHECKSUMS:
  AeroGearHttp: f3e362a7f9e15abcd914d5c3df68999880b22f18
  CryptoSwift: 25b5aff3f260967391f8fff2e9abe4254d2c6fd5
  JSONWebToken: 6c8968ace6b60b2e6156a7bbe5019fd9b5ff9b5a
  TDConnectIosSdk: 6bd83008370c52e33bcd2d2b66f0a5afdc2a5ed1

COCOAPODS: 0.39.0
