// !$*UTF8*$!
{
	archiveVersion = 1;
	classes = {
	};
	objectVersion = 46;
	objects = {

/* Begin PBXBuildFile section */
		5C6D57021C91B2FF001A564E /* AppDelegate.swift in Sources */ = {isa = PBXBuildFile; fileRef = 5C6D57011C91B2FF001A564E /* AppDelegate.swift */; };
		5C6D57041C91B2FF001A564E /* SignInViewController.swift in Sources */ = {isa = PBXBuildFile; fileRef = 5C6D57031C91B2FF001A564E /* SignInViewController.swift */; };
		5C6D57071C91B2FF001A564E /* Main.storyboard in Resources */ = {isa = PBXBuildFile; fileRef = 5C6D57051C91B2FF001A564E /* Main.storyboard */; };
		5C6D57091C91B2FF001A564E /* Assets.xcassets in Resources */ = {isa = PBXBuildFile; fileRef = 5C6D57081C91B2FF001A564E /* Assets.xcassets */; };
		5C6D570C1C91B2FF001A564E /* LaunchScreen.storyboard in Resources */ = {isa = PBXBuildFile; fileRef = 5C6D570A1C91B2FF001A564E /* LaunchScreen.storyboard */; };
		5C6D57141C92E896001A564E /* SignedInViewController.swift in Sources */ = {isa = PBXBuildFile; fileRef = 5C6D57131C92E896001A564E /* SignedInViewController.swift */; };
		E75703217DD52B571AFBB810 /* Pods_TelenorConnectIosHelloWorld.framework in Frameworks */ = {isa = PBXBuildFile; fileRef = D809B7315DF15820086C1AF3 /* Pods_TelenorConnectIosHelloWorld.framework */; settings = {ATTRIBUTES = (Required, ); }; };
/* End PBXBuildFile section */

/* Begin PBXFileReference section */
		5C5B85631D78898200194FD2 /* TelenorConnectIosHelloWorld.entitlements */ = {isa = PBXFileReference; lastKnownFileType = text.plist.entitlements; path = TelenorConnectIosHelloWorld.entitlements; sourceTree = "<group>"; };
		5C6D56FE1C91B2FF001A564E /* TelenorConnectIosHelloWorld.app */ = {isa = PBXFileReference; explicitFileType = wrapper.application; includeInIndex = 0; path = TelenorConnectIosHelloWorld.app; sourceTree = BUILT_PRODUCTS_DIR; };
		5C6D57011C91B2FF001A564E /* AppDelegate.swift */ = {isa = PBXFileReference; lastKnownFileType = sourcecode.swift; path = AppDelegate.swift; sourceTree = "<group>"; };
		5C6D57031C91B2FF001A564E /* SignInViewController.swift */ = {isa = PBXFileReference; lastKnownFileType = sourcecode.swift; path = SignInViewController.swift; sourceTree = "<group>"; };
		5C6D57061C91B2FF001A564E /* Base */ = {isa = PBXFileReference; lastKnownFileType = file.storyboard; name = Base; path = Base.lproj/Main.storyboard; sourceTree = "<group>"; };
		5C6D57081C91B2FF001A564E /* Assets.xcassets */ = {isa = PBXFileReference; lastKnownFileType = folder.assetcatalog; path = Assets.xcassets; sourceTree = "<group>"; };
		5C6D570B1C91B2FF001A564E /* Base */ = {isa = PBXFileReference; lastKnownFileType = file.storyboard; name = Base; path = Base.lproj/LaunchScreen.storyboard; sourceTree = "<group>"; };
		5C6D570D1C91B2FF001A564E /* Info.plist */ = {isa = PBXFileReference; lastKnownFileType = text.plist.xml; path = Info.plist; sourceTree = "<group>"; };
		5C6D57131C92E896001A564E /* SignedInViewController.swift */ = {isa = PBXFileReference; fileEncoding = 4; lastKnownFileType = sourcecode.swift; path = SignedInViewController.swift; sourceTree = "<group>"; };
		651BCEA85B82C9AD36B607C6 /* Pods.debug.xcconfig */ = {isa = PBXFileReference; includeInIndex = 1; lastKnownFileType = text.xcconfig; name = Pods.debug.xcconfig; path = "Pods/Target Support Files/Pods/Pods.debug.xcconfig"; sourceTree = "<group>"; };
		7296F44B3C2C4940BF20C6E5 /* Pods.framework */ = {isa = PBXFileReference; explicitFileType = wrapper.framework; includeInIndex = 0; path = Pods.framework; sourceTree = BUILT_PRODUCTS_DIR; };
		9CC7D3D2AAB6AFC0FDD54AF5 /* Pods-TelenorConnectIosHelloWorld.debug.xcconfig */ = {isa = PBXFileReference; includeInIndex = 1; lastKnownFileType = text.xcconfig; name = "Pods-TelenorConnectIosHelloWorld.debug.xcconfig"; path = "Pods/Target Support Files/Pods-TelenorConnectIosHelloWorld/Pods-TelenorConnectIosHelloWorld.debug.xcconfig"; sourceTree = "<group>"; };
		C57F6B2AC602F212C6535778 /* Pods.release.xcconfig */ = {isa = PBXFileReference; includeInIndex = 1; lastKnownFileType = text.xcconfig; name = Pods.release.xcconfig; path = "Pods/Target Support Files/Pods/Pods.release.xcconfig"; sourceTree = "<group>"; };
		D78EFA42E7A2B22B2776C047 /* Pods-TelenorConnectIosHelloWorld.release.xcconfig */ = {isa = PBXFileReference; includeInIndex = 1; lastKnownFileType = text.xcconfig; name = "Pods-TelenorConnectIosHelloWorld.release.xcconfig"; path = "Pods/Target Support Files/Pods-TelenorConnectIosHelloWorld/Pods-TelenorConnectIosHelloWorld.release.xcconfig"; sourceTree = "<group>"; };
		D809B7315DF15820086C1AF3 /* Pods_TelenorConnectIosHelloWorld.framework */ = {isa = PBXFileReference; explicitFileType = wrapper.framework; includeInIndex = 0; path = Pods_TelenorConnectIosHelloWorld.framework; sourceTree = BUILT_PRODUCTS_DIR; };
/* End PBXFileReference section */

/* Begin PBXFrameworksBuildPhase section */
		5C6D56FB1C91B2FF001A564E /* Frameworks */ = {
			isa = PBXFrameworksBuildPhase;
			buildActionMask = 2147483647;
			files = (
				E75703217DD52B571AFBB810 /* Pods_TelenorConnectIosHelloWorld.framework in Frameworks */,
			);
			runOnlyForDeploymentPostprocessing = 0;
		};
/* End PBXFrameworksBuildPhase section */

/* Begin PBXGroup section */
		5C6D56F51C91B2FF001A564E = {
			isa = PBXGroup;
			children = (
				5C6D57001C91B2FF001A564E /* TelenorConnectIosHelloWorld */,
				5C6D56FF1C91B2FF001A564E /* Products */,
				DA40A0A377F52FD6AF26A6DA /* Pods */,
				BD1731D629FA620F7108159D /* Frameworks */,
			);
			sourceTree = "<group>";
		};
		5C6D56FF1C91B2FF001A564E /* Products */ = {
			isa = PBXGroup;
			children = (
				5C6D56FE1C91B2FF001A564E /* TelenorConnectIosHelloWorld.app */,
			);
			name = Products;
			sourceTree = "<group>";
		};
		5C6D57001C91B2FF001A564E /* TelenorConnectIosHelloWorld */ = {
			isa = PBXGroup;
			children = (
				5C5B85631D78898200194FD2 /* TelenorConnectIosHelloWorld.entitlements */,
				5C6D57011C91B2FF001A564E /* AppDelegate.swift */,
				5C6D57031C91B2FF001A564E /* SignInViewController.swift */,
				5C6D57131C92E896001A564E /* SignedInViewController.swift */,
				5C6D57051C91B2FF001A564E /* Main.storyboard */,
				5C6D57081C91B2FF001A564E /* Assets.xcassets */,
				5C6D570A1C91B2FF001A564E /* LaunchScreen.storyboard */,
				5C6D570D1C91B2FF001A564E /* Info.plist */,
			);
			path = TelenorConnectIosHelloWorld;
			sourceTree = "<group>";
		};
		BD1731D629FA620F7108159D /* Frameworks */ = {
			isa = PBXGroup;
			children = (
				7296F44B3C2C4940BF20C6E5 /* Pods.framework */,
				D809B7315DF15820086C1AF3 /* Pods_TelenorConnectIosHelloWorld.framework */,
			);
			name = Frameworks;
			sourceTree = "<group>";
		};
		DA40A0A377F52FD6AF26A6DA /* Pods */ = {
			isa = PBXGroup;
			children = (
				651BCEA85B82C9AD36B607C6 /* Pods.debug.xcconfig */,
				C57F6B2AC602F212C6535778 /* Pods.release.xcconfig */,
				9CC7D3D2AAB6AFC0FDD54AF5 /* Pods-TelenorConnectIosHelloWorld.debug.xcconfig */,
				D78EFA42E7A2B22B2776C047 /* Pods-TelenorConnectIosHelloWorld.release.xcconfig */,
			);
			name = Pods;
			sourceTree = "<group>";
		};
/* End PBXGroup section */

/* Begin PBXNativeTarget section */
		5C6D56FD1C91B2FF001A564E /* TelenorConnectIosHelloWorld */ = {
			isa = PBXNativeTarget;
			buildConfigurationList = 5C6D57101C91B2FF001A564E /* Build configuration list for PBXNativeTarget "TelenorConnectIosHelloWorld" */;
			buildPhases = (
				C3418C5607863478893A0D00 /* [CP] Check Pods Manifest.lock */,
				5C6D56FA1C91B2FF001A564E /* Sources */,
				5C6D56FB1C91B2FF001A564E /* Frameworks */,
				5C6D56FC1C91B2FF001A564E /* Resources */,
				81CB15ACDC14B93A44D69388 /* [CP] Embed Pods Frameworks */,
				D4F5D52FA2601225B9AC1524 /* [CP] Copy Pods Resources */,
			);
			buildRules = (
			);
			dependencies = (
			);
			name = TelenorConnectIosHelloWorld;
			productName = TelenorConnectIosHelloWorld;
			productReference = 5C6D56FE1C91B2FF001A564E /* TelenorConnectIosHelloWorld.app */;
			productType = "com.apple.product-type.application";
		};
/* End PBXNativeTarget section */

/* Begin PBXProject section */
		5C6D56F61C91B2FF001A564E /* Project object */ = {
			isa = PBXProject;
			attributes = {
				LastSwiftUpdateCheck = 0720;
				LastUpgradeCheck = 0900;
				ORGANIZATIONNAME = "Telenor Digital";
				TargetAttributes = {
					5C6D56FD1C91B2FF001A564E = {
						CreatedOnToolsVersion = 7.2.1;
						DevelopmentTeam = 9F2YCZK4J4;
						LastSwiftMigration = 0900;
						SystemCapabilities = {
							com.apple.Keychain = {
								enabled = 1;
							};
						};
					};
				};
			};
			buildConfigurationList = 5C6D56F91C91B2FF001A564E /* Build configuration list for PBXProject "TelenorConnectIosHelloWorld" */;
			compatibilityVersion = "Xcode 3.2";
			developmentRegion = English;
			hasScannedForEncodings = 0;
			knownRegions = (
				en,
				Base,
			);
			mainGroup = 5C6D56F51C91B2FF001A564E;
			productRefGroup = 5C6D56FF1C91B2FF001A564E /* Products */;
			projectDirPath = "";
			projectRoot = "";
			targets = (
				5C6D56FD1C91B2FF001A564E /* TelenorConnectIosHelloWorld */,
			);
		};
/* End PBXProject section */

/* Begin PBXResourcesBuildPhase section */
		5C6D56FC1C91B2FF001A564E /* Resources */ = {
			isa = PBXResourcesBuildPhase;
			buildActionMask = 2147483647;
			files = (
				5C6D570C1C91B2FF001A564E /* LaunchScreen.storyboard in Resources */,
				5C6D57091C91B2FF001A564E /* Assets.xcassets in Resources */,
				5C6D57071C91B2FF001A564E /* Main.storyboard in Resources */,
			);
			runOnlyForDeploymentPostprocessing = 0;
		};
/* End PBXResourcesBuildPhase section */

/* Begin PBXShellScriptBuildPhase section */
		81CB15ACDC14B93A44D69388 /* [CP] Embed Pods Frameworks */ = {
			isa = PBXShellScriptBuildPhase;
			buildActionMask = 2147483647;
			files = (
			);
			inputPaths = (
				"${SRCROOT}/Pods/Target Support Files/Pods-TelenorConnectIosHelloWorld/Pods-TelenorConnectIosHelloWorld-frameworks.sh",
				"${BUILT_PRODUCTS_DIR}/AeroGearHttp/AeroGearHttp.framework",
				"${BUILT_PRODUCTS_DIR}/JSONWebToken/JWT.framework",
				"${BUILT_PRODUCTS_DIR}/TDConnectIosSdk/TDConnectIosSdk.framework",
			);
			name = "[CP] Embed Pods Frameworks";
			outputPaths = (
				"${TARGET_BUILD_DIR}/${FRAMEWORKS_FOLDER_PATH}/AeroGearHttp.framework",
				"${TARGET_BUILD_DIR}/${FRAMEWORKS_FOLDER_PATH}/JWT.framework",
				"${TARGET_BUILD_DIR}/${FRAMEWORKS_FOLDER_PATH}/TDConnectIosSdk.framework",
			);
			runOnlyForDeploymentPostprocessing = 0;
			shellPath = /bin/sh;
			shellScript = "\"${SRCROOT}/Pods/Target Support Files/Pods-TelenorConnectIosHelloWorld/Pods-TelenorConnectIosHelloWorld-frameworks.sh\"\n";
			showEnvVarsInLog = 0;
		};
		C3418C5607863478893A0D00 /* [CP] Check Pods Manifest.lock */ = {
			isa = PBXShellScriptBuildPhase;
			buildActionMask = 2147483647;
			files = (
			);
			inputPaths = (
				"${PODS_PODFILE_DIR_PATH}/Podfile.lock",
				"${PODS_ROOT}/Manifest.lock",
			);
			name = "[CP] Check Pods Manifest.lock";
			outputPaths = (
				"$(DERIVED_FILE_DIR)/Pods-TelenorConnectIosHelloWorld-checkManifestLockResult.txt",
			);
			runOnlyForDeploymentPostprocessing = 0;
			shellPath = /bin/sh;
			shellScript = "diff \"${PODS_PODFILE_DIR_PATH}/Podfile.lock\" \"${PODS_ROOT}/Manifest.lock\" > /dev/null\nif [ $? != 0 ] ; then\n    # print error to STDERR\n    echo \"error: The sandbox is not in sync with the Podfile.lock. Run 'pod install' or update your CocoaPods installation.\" >&2\n    exit 1\nfi\n# This output is used by Xcode 'outputs' to avoid re-running this script phase.\necho \"SUCCESS\" > \"${SCRIPT_OUTPUT_FILE_0}\"\n";
			showEnvVarsInLog = 0;
		};
		D4F5D52FA2601225B9AC1524 /* [CP] Copy Pods Resources */ = {
			isa = PBXShellScriptBuildPhase;
			buildActionMask = 2147483647;
			files = (
			);
			inputPaths = (
			);
			name = "[CP] Copy Pods Resources";
			outputPaths = (
			);
			runOnlyForDeploymentPostprocessing = 0;
			shellPath = /bin/sh;
			shellScript = "\"${SRCROOT}/Pods/Target Support Files/Pods-TelenorConnectIosHelloWorld/Pods-TelenorConnectIosHelloWorld-resources.sh\"\n";
			showEnvVarsInLog = 0;
		};
/* End PBXShellScriptBuildPhase section */

/* Begin PBXSourcesBuildPhase section */
		5C6D56FA1C91B2FF001A564E /* Sources */ = {
			isa = PBXSourcesBuildPhase;
			buildActionMask = 2147483647;
			files = (
				5C6D57041C91B2FF001A564E /* SignInViewController.swift in Sources */,
				5C6D57141C92E896001A564E /* SignedInViewController.swift in Sources */,
				5C6D57021C91B2FF001A564E /* AppDelegate.swift in Sources */,
			);
			runOnlyForDeploymentPostprocessing = 0;
		};
/* End PBXSourcesBuildPhase section */

/* Begin PBXVariantGroup section */
		5C6D57051C91B2FF001A564E /* Main.storyboard */ = {
			isa = PBXVariantGroup;
			children = (
				5C6D57061C91B2FF001A564E /* Base */,
			);
			name = Main.storyboard;
			sourceTree = "<group>";
		};
		5C6D570A1C91B2FF001A564E /* LaunchScreen.storyboard */ = {
			isa = PBXVariantGroup;
			children = (
				5C6D570B1C91B2FF001A564E /* Base */,
			);
			name = LaunchScreen.storyboard;
			sourceTree = "<group>";
		};
/* End PBXVariantGroup section */

/* Begin XCBuildConfiguration section */
		5C6D570E1C91B2FF001A564E /* Debug */ = {
			isa = XCBuildConfiguration;
			buildSettings = {
				ALWAYS_SEARCH_USER_PATHS = NO;
				CLANG_CXX_LANGUAGE_STANDARD = "gnu++0x";
				CLANG_CXX_LIBRARY = "libc++";
				CLANG_ENABLE_MODULES = YES;
				CLANG_ENABLE_OBJC_ARC = YES;
				CLANG_WARN_BLOCK_CAPTURE_AUTORELEASING = YES;
				CLANG_WARN_BOOL_CONVERSION = YES;
				CLANG_WARN_COMMA = YES;
				CLANG_WARN_CONSTANT_CONVERSION = YES;
				CLANG_WARN_DIRECT_OBJC_ISA_USAGE = YES_ERROR;
				CLANG_WARN_EMPTY_BODY = YES;
				CLANG_WARN_ENUM_CONVERSION = YES;
				CLANG_WARN_INFINITE_RECURSION = YES;
				CLANG_WARN_INT_CONVERSION = YES;
				CLANG_WARN_NON_LITERAL_NULL_CONVERSION = YES;
				CLANG_WARN_OBJC_LITERAL_CONVERSION = YES;
				CLANG_WARN_OBJC_ROOT_CLASS = YES_ERROR;
				CLANG_WARN_RANGE_LOOP_ANALYSIS = YES;
				CLANG_WARN_STRICT_PROTOTYPES = YES;
				CLANG_WARN_SUSPICIOUS_MOVE = YES;
				CLANG_WARN_UNREACHABLE_CODE = YES;
				CLANG_WARN__DUPLICATE_METHOD_MATCH = YES;
				"CODE_SIGN_IDENTITY[sdk=iphoneos*]" = "iPhone Developer";
				COPY_PHASE_STRIP = NO;
				DEBUG_INFORMATION_FORMAT = dwarf;
				ENABLE_STRICT_OBJC_MSGSEND = YES;
				ENABLE_TESTABILITY = YES;
				GCC_C_LANGUAGE_STANDARD = gnu99;
				GCC_DYNAMIC_NO_PIC = NO;
				GCC_NO_COMMON_BLOCKS = YES;
				GCC_OPTIMIZATION_LEVEL = 0;
				GCC_PREPROCESSOR_DEFINITIONS = (
					"DEBUG=1",
					"$(inherited)",
				);
				GCC_WARN_64_TO_32_BIT_CONVERSION = YES;
				GCC_WARN_ABOUT_RETURN_TYPE = YES_ERROR;
				GCC_WARN_UNDECLARED_SELECTOR = YES;
				GCC_WARN_UNINITIALIZED_AUTOS = YES_AGGRESSIVE;
				GCC_WARN_UNUSED_FUNCTION = YES;
				GCC_WARN_UNUSED_VARIABLE = YES;
				IPHONEOS_DEPLOYMENT_TARGET = 9.3;
				MTL_ENABLE_DEBUG_INFO = YES;
				ONLY_ACTIVE_ARCH = YES;
				SDKROOT = iphoneos;
				SWIFT_OPTIMIZATION_LEVEL = "-Onone";
				TARGETED_DEVICE_FAMILY = "1,2";
			};
			name = Debug;
		};
		5C6D570F1C91B2FF001A564E /* Release */ = {
			isa = XCBuildConfiguration;
			buildSettings = {
				ALWAYS_SEARCH_USER_PATHS = NO;
				CLANG_CXX_LANGUAGE_STANDARD = "gnu++0x";
				CLANG_CXX_LIBRARY = "libc++";
				CLANG_ENABLE_MODULES = YES;
				CLANG_ENABLE_OBJC_ARC = YES;
				CLANG_WARN_BLOCK_CAPTURE_AUTORELEASING = YES;
				CLANG_WARN_BOOL_CONVERSION = YES;
				CLANG_WARN_COMMA = YES;
				CLANG_WARN_CONSTANT_CONVERSION = YES;
				CLANG_WARN_DIRECT_OBJC_ISA_USAGE = YES_ERROR;
				CLANG_WARN_EMPTY_BODY = YES;
				CLANG_WARN_ENUM_CONVERSION = YES;
				CLANG_WARN_INFINITE_RECURSION = YES;
				CLANG_WARN_INT_CONVERSION = YES;
				CLANG_WARN_NON_LITERAL_NULL_CONVERSION = YES;
				CLANG_WARN_OBJC_LITERAL_CONVERSION = YES;
				CLANG_WARN_OBJC_ROOT_CLASS = YES_ERROR;
				CLANG_WARN_RANGE_LOOP_ANALYSIS = YES;
				CLANG_WARN_STRICT_PROTOTYPES = YES;
				CLANG_WARN_SUSPICIOUS_MOVE = YES;
				CLANG_WARN_UNREACHABLE_CODE = YES;
				CLANG_WARN__DUPLICATE_METHOD_MATCH = YES;
				"CODE_SIGN_IDENTITY[sdk=iphoneos*]" = "iPhone Developer";
				COPY_PHASE_STRIP = NO;
				DEBUG_INFORMATION_FORMAT = "dwarf-with-dsym";
				ENABLE_NS_ASSERTIONS = NO;
				ENABLE_STRICT_OBJC_MSGSEND = YES;
				GCC_C_LANGUAGE_STANDARD = gnu99;
				GCC_NO_COMMON_BLOCKS = YES;
				GCC_WARN_64_TO_32_BIT_CONVERSION = YES;
				GCC_WARN_ABOUT_RETURN_TYPE = YES_ERROR;
				GCC_WARN_UNDECLARED_SELECTOR = YES;
				GCC_WARN_UNINITIALIZED_AUTOS = YES_AGGRESSIVE;
				GCC_WARN_UNUSED_FUNCTION = YES;
				GCC_WARN_UNUSED_VARIABLE = YES;
				IPHONEOS_DEPLOYMENT_TARGET = 9.3;
				MTL_ENABLE_DEBUG_INFO = NO;
				SDKROOT = iphoneos;
				SWIFT_OPTIMIZATION_LEVEL = "-Owholemodule";
				TARGETED_DEVICE_FAMILY = "1,2";
				VALIDATE_PRODUCT = YES;
			};
			name = Release;
		};
		5C6D57111C91B2FF001A564E /* Debug */ = {
			isa = XCBuildConfiguration;
			baseConfigurationReference = 9CC7D3D2AAB6AFC0FDD54AF5 /* Pods-TelenorConnectIosHelloWorld.debug.xcconfig */;
			buildSettings = {
				ASSETCATALOG_COMPILER_APPICON_NAME = AppIcon;
				CODE_SIGN_ENTITLEMENTS = TelenorConnectIosHelloWorld/TelenorConnectIosHelloWorld.entitlements;
				CODE_SIGN_IDENTITY = "iPhone Developer";
				"CODE_SIGN_IDENTITY[sdk=iphoneos*]" = "iPhone Developer";
				DEVELOPMENT_TEAM = 9F2YCZK4J4;
				INFOPLIST_FILE = TelenorConnectIosHelloWorld/Info.plist;
				IPHONEOS_DEPLOYMENT_TARGET = 9.0;
				LD_RUNPATH_SEARCH_PATHS = "$(inherited) @executable_path/Frameworks";
				PRODUCT_BUNDLE_IDENTIFIER = com.telenor.connect.TelenorConnectIosHelloWorld;
				PRODUCT_NAME = "$(TARGET_NAME)";
				PROVISIONING_PROFILE = "";
				SWIFT_SWIFT3_OBJC_INFERENCE = Default;
				SWIFT_VERSION = 4.0;
				TARGETED_DEVICE_FAMILY = "1,2";
			};
			name = Debug;
		};
		5C6D57121C91B2FF001A564E /* Release */ = {
			isa = XCBuildConfiguration;
			baseConfigurationReference = D78EFA42E7A2B22B2776C047 /* Pods-TelenorConnectIosHelloWorld.release.xcconfig */;
			buildSettings = {
				ASSETCATALOG_COMPILER_APPICON_NAME = AppIcon;
				CODE_SIGN_ENTITLEMENTS = TelenorConnectIosHelloWorld/TelenorConnectIosHelloWorld.entitlements;
				CODE_SIGN_IDENTITY = "iPhone Developer";
				"CODE_SIGN_IDENTITY[sdk=iphoneos*]" = "iPhone Developer";
				DEVELOPMENT_TEAM = 9F2YCZK4J4;
				INFOPLIST_FILE = TelenorConnectIosHelloWorld/Info.plist;
				IPHONEOS_DEPLOYMENT_TARGET = 9.0;
				LD_RUNPATH_SEARCH_PATHS = "$(inherited) @executable_path/Frameworks";
				PRODUCT_BUNDLE_IDENTIFIER = com.telenor.connect.TelenorConnectIosHelloWorld;
				PRODUCT_NAME = "$(TARGET_NAME)";
				PROVISIONING_PROFILE = "";
				SWIFT_SWIFT3_OBJC_INFERENCE = Default;
				SWIFT_VERSION = 4.0;
				TARGETED_DEVICE_FAMILY = "1,2";
			};
			name = Release;
		};
/* End XCBuildConfiguration section */

/* Begin XCConfigurationList section */
		5C6D56F91C91B2FF001A564E /* Build configuration list for PBXProject "TelenorConnectIosHelloWorld" */ = {
			isa = XCConfigurationList;
			buildConfigurations = (
				5C6D570E1C91B2FF001A564E /* Debug */,
				5C6D570F1C91B2FF001A564E /* Release */,
			);
			defaultConfigurationIsVisible = 0;
			defaultConfigurationName = Release;
		};
		5C6D57101C91B2FF001A564E /* Build configuration list for PBXNativeTarget "TelenorConnectIosHelloWorld" */ = {
			isa = XCConfigurationList;
			buildConfigurations = (
				5C6D57111C91B2FF001A564E /* Debug */,
				5C6D57121C91B2FF001A564E /* Release */,
			);
			defaultConfigurationIsVisible = 0;
			defaultConfigurationName = Release;
		};
/* End XCConfigurationList section */
	};
	rootObject = 5C6D56F61C91B2FF001A564E /* Project object */;
}
